
Microsoft Visual Studio Solution File, Format Version 12.00
# Visual Studio Version 17
VisualStudioVersion = 17.0.31903.59
MinimumVisualStudioVersion = 10.0.40219.1
Project("{FAE04EC0-301F-11D3-BF4B-00C04F79EFBC}") = "nonogram-solver", "nonogram-solver\nonogram-solver.csproj", "{9507626F-B398-49F8-BD97-7D8D50948126}"
EndProject
Project("{FAE04EC0-301F-11D3-BF4B-00C04F79EFBC}") = "nonogram-solver-tests", "nonogram-solver-tests\nonogram-solver-tests.csproj", "{168AE44A-46A4-473D-9DF6-AF4DFF059190}"
EndProject
Project("{FAE04EC0-301F-11D3-BF4B-00C04F79EFBC}") = "nonogram-solver-benchmarking", "nonogram-solver-benchmarking\nonogram-solver-benchmarking.csproj", "{210F9B26-65F8-47DF-AD44-EDBA21F00089}"
EndProject
Global
	GlobalSection(SolutionConfigurationPlatforms) = preSolution
		Debug|Any CPU = Debug|Any CPU
		Release|Any CPU = Release|Any CPU
	EndGlobalSection
	GlobalSection(SolutionProperties) = preSolution
		HideSolutionNode = FALSE
	EndGlobalSection
	GlobalSection(ProjectConfigurationPlatforms) = postSolution
		{9507626F-B398-49F8-BD97-7D8D50948126}.Debug|Any CPU.ActiveCfg = Debug|Any CPU
		{9507626F-B398-49F8-BD97-7D8D50948126}.Debug|Any CPU.Build.0 = Debug|Any CPU
		{9507626F-B398-49F8-BD97-7D8D50948126}.Release|Any CPU.ActiveCfg = Release|Any CPU
		{9507626F-B398-49F8-BD97-7D8D50948126}.Release|Any CPU.Build.0 = Release|Any CPU
		{168AE44A-46A4-473D-9DF6-AF4DFF059190}.Debug|Any CPU.ActiveCfg = Debug|Any CPU
		{168AE44A-46A4-473D-9DF6-AF4DFF059190}.Debug|Any CPU.Build.0 = Debug|Any CPU
		{168AE44A-46A4-473D-9DF6-AF4DFF059190}.Release|Any CPU.ActiveCfg = Release|Any CPU
		{168AE44A-46A4-473D-9DF6-AF4DFF059190}.Release|Any CPU.Build.0 = Release|Any CPU
		{210F9B26-65F8-47DF-AD44-EDBA21F00089}.Debug|Any CPU.ActiveCfg = Debug|Any CPU
		{210F9B26-65F8-47DF-AD44-EDBA21F00089}.Debug|Any CPU.Build.0 = Debug|Any CPU
		{210F9B26-65F8-47DF-AD44-EDBA21F00089}.Release|Any CPU.ActiveCfg = Release|Any CPU
		{210F9B26-65F8-47DF-AD44-EDBA21F00089}.Release|Any CPU.Build.0 = Release|Any CPU
	EndGlobalSection
EndGlobal
